
Microsoft Visual Studio Solution File, Format Version 12.00
# Visual Studio Version 17
VisualStudioVersion = 17.4.33103.184
MinimumVisualStudioVersion = 10.0.40219.1
Project("{9A19103F-16F7-4668-BE54-9A1E7A4F7556}") = "MQTT-ClientProvider", "MQTT-ClientProvider\MQTT-ClientProvider.csproj", "{40F62764-38D2-4DFD-AA04-8DEB6283D935}"
EndProject
Project("{9A19103F-16F7-4668-BE54-9A1E7A4F7556}") = "ClientReceiverSample", "ClientCreatorTest\ClientReceiverSample.csproj", "{3B89B28D-1356-4274-8671-074C3C1E0F25}"
EndProject
Global
	GlobalSection(SolutionConfigurationPlatforms) = preSolution
		Debug|Any CPU = Debug|Any CPU
		Release|Any CPU = Release|Any CPU
	EndGlobalSection
	GlobalSection(ProjectConfigurationPlatforms) = postSolution
		{40F62764-38D2-4DFD-AA04-8DEB6283D935}.Debug|Any CPU.ActiveCfg = Debug|Any CPU
		{40F62764-38D2-4DFD-AA04-8DEB6283D935}.Debug|Any CPU.Build.0 = Debug|Any CPU
		{40F62764-38D2-4DFD-AA04-8DEB6283D935}.Release|Any CPU.ActiveCfg = Release|Any CPU
		{40F62764-38D2-4DFD-AA04-8DEB6283D935}.Release|Any CPU.Build.0 = Release|Any CPU
		{3B89B28D-1356-4274-8671-074C3C1E0F25}.Debug|Any CPU.ActiveCfg = Debug|Any CPU
		{3B89B28D-1356-4274-8671-074C3C1E0F25}.Debug|Any CPU.Build.0 = Debug|Any CPU
		{3B89B28D-1356-4274-8671-074C3C1E0F25}.Release|Any CPU.ActiveCfg = Release|Any CPU
		{3B89B28D-1356-4274-8671-074C3C1E0F25}.Release|Any CPU.Build.0 = Release|Any CPU
	EndGlobalSection
	GlobalSection(SolutionProperties) = preSolution
		HideSolutionNode = FALSE
	EndGlobalSection
	GlobalSection(ExtensibilityGlobals) = postSolution
		SolutionGuid = {5CC2B75C-6332-4CB4-812F-645292C24A62}
	EndGlobalSection
EndGlobal
